
Microsoft Visual Studio Solution File, Format Version 12.00
# Visual Studio Version 16
VisualStudioVersion = 16.0.30413.136
MinimumVisualStudioVersion = 10.0.40219.1
Project("{FAE04EC0-301F-11D3-BF4B-00C04F79EFBC}") = "WhileLoop", "WhileLoop\WhileLoop.csproj", "{8EF77DAC-2BCE-441D-B9F9-01F8C14CC79E}"
EndProject
Project("{FAE04EC0-301F-11D3-BF4B-00C04F79EFBC}") = "guessinggame", "guessinggame\guessinggame.csproj", "{220D8AEA-15D1-4BA4-B67A-1CB21C26C4D3}"
EndProject
Project("{FAE04EC0-301F-11D3-BF4B-00C04F79EFBC}") = "ThreeTries", "ThreeTries\ThreeTries.csproj", "{B7823E99-FD32-4144-9C36-C3AE533C47CD}"
EndProject
Global
	GlobalSection(SolutionConfigurationPlatforms) = preSolution
		Debug|Any CPU = Debug|Any CPU
		Release|Any CPU = Release|Any CPU
	EndGlobalSection
	GlobalSection(ProjectConfigurationPlatforms) = postSolution
		{8EF77DAC-2BCE-441D-B9F9-01F8C14CC79E}.Debug|Any CPU.ActiveCfg = Debug|Any CPU
		{8EF77DAC-2BCE-441D-B9F9-01F8C14CC79E}.Debug|Any CPU.Build.0 = Debug|Any CPU
		{8EF77DAC-2BCE-441D-B9F9-01F8C14CC79E}.Release|Any CPU.ActiveCfg = Release|Any CPU
		{8EF77DAC-2BCE-441D-B9F9-01F8C14CC79E}.Release|Any CPU.Build.0 = Release|Any CPU
		{220D8AEA-15D1-4BA4-B67A-1CB21C26C4D3}.Debug|Any CPU.ActiveCfg = Debug|Any CPU
		{220D8AEA-15D1-4BA4-B67A-1CB21C26C4D3}.Debug|Any CPU.Build.0 = Debug|Any CPU
		{220D8AEA-15D1-4BA4-B67A-1CB21C26C4D3}.Release|Any CPU.ActiveCfg = Release|Any CPU
		{220D8AEA-15D1-4BA4-B67A-1CB21C26C4D3}.Release|Any CPU.Build.0 = Release|Any CPU
		{B7823E99-FD32-4144-9C36-C3AE533C47CD}.Debug|Any CPU.ActiveCfg = Debug|Any CPU
		{B7823E99-FD32-4144-9C36-C3AE533C47CD}.Debug|Any CPU.Build.0 = Debug|Any CPU
		{B7823E99-FD32-4144-9C36-C3AE533C47CD}.Release|Any CPU.ActiveCfg = Release|Any CPU
		{B7823E99-FD32-4144-9C36-C3AE533C47CD}.Release|Any CPU.Build.0 = Release|Any CPU
	EndGlobalSection
	GlobalSection(SolutionProperties) = preSolution
		HideSolutionNode = FALSE
	EndGlobalSection
	GlobalSection(ExtensibilityGlobals) = postSolution
		SolutionGuid = {517FD674-CFC4-4788-9D38-CE473D52BB26}
	EndGlobalSection
EndGlobal
